
Microsoft Visual Studio Solution File, Format Version 12.00
# Visual Studio Version 17
VisualStudioVersion = 17.4.33205.214
MinimumVisualStudioVersion = 10.0.40219.1
Project("{9A19103F-16F7-4668-BE54-9A1E7A4F7556}") = "CodeRabbits.Serialization", "CodeRabbits.Serialization\CodeRabbits.Serialization.csproj", "{EA2FD3FE-0747-4D92-A2A0-C72880F4226C}"
EndProject
Project("{9A19103F-16F7-4668-BE54-9A1E7A4F7556}") = "CodeRabbits.Serialization.Test", "CodeRabbits.Serialization.Test\CodeRabbits.Serialization.Test.csproj", "{ECF6635D-F5D4-4530-9FBD-F3D6C19EA193}"
EndProject
Global
	GlobalSection(SolutionConfigurationPlatforms) = preSolution
		Debug|Any CPU = Debug|Any CPU
		Release|Any CPU = Release|Any CPU
	EndGlobalSection
	GlobalSection(ProjectConfigurationPlatforms) = postSolution
		{EA2FD3FE-0747-4D92-A2A0-C72880F4226C}.Debug|Any CPU.ActiveCfg = Debug|Any CPU
		{EA2FD3FE-0747-4D92-A2A0-C72880F4226C}.Debug|Any CPU.Build.0 = Debug|Any CPU
		{EA2FD3FE-0747-4D92-A2A0-C72880F4226C}.Release|Any CPU.ActiveCfg = Release|Any CPU
		{EA2FD3FE-0747-4D92-A2A0-C72880F4226C}.Release|Any CPU.Build.0 = Release|Any CPU
		{ECF6635D-F5D4-4530-9FBD-F3D6C19EA193}.Debug|Any CPU.ActiveCfg = Debug|Any CPU
		{ECF6635D-F5D4-4530-9FBD-F3D6C19EA193}.Debug|Any CPU.Build.0 = Debug|Any CPU
		{ECF6635D-F5D4-4530-9FBD-F3D6C19EA193}.Release|Any CPU.ActiveCfg = Release|Any CPU
		{ECF6635D-F5D4-4530-9FBD-F3D6C19EA193}.Release|Any CPU.Build.0 = Release|Any CPU
	EndGlobalSection
	GlobalSection(SolutionProperties) = preSolution
		HideSolutionNode = FALSE
	EndGlobalSection
	GlobalSection(ExtensibilityGlobals) = postSolution
		SolutionGuid = {A3C29856-5EDE-4D41-A386-4B31905CEF45}
	EndGlobalSection
EndGlobal
